
Microsoft Visual Studio Solution File, Format Version 12.00
# Visual Studio 15
VisualStudioVersion = 15.0.28010.2016
MinimumVisualStudioVersion = 10.0.40219.1
Project("{FAE04EC0-301F-11D3-BF4B-00C04F79EFBC}") = "Roulette", "Roulette\Roulette.csproj", "{F2C32D69-B610-47C4-8441-2541291A6055}"
EndProject
Global
	GlobalSection(SolutionConfigurationPlatforms) = preSolution
		Debug|Any CPU = Debug|Any CPU
		Release|Any CPU = Release|Any CPU
	EndGlobalSection
	GlobalSection(ProjectConfigurationPlatforms) = postSolution
		{F2C32D69-B610-47C4-8441-2541291A6055}.Debug|Any CPU.ActiveCfg = Debug|Any CPU
		{F2C32D69-B610-47C4-8441-2541291A6055}.Debug|Any CPU.Build.0 = Debug|Any CPU
		{F2C32D69-B610-47C4-8441-2541291A6055}.Release|Any CPU.ActiveCfg = Release|Any CPU
		{F2C32D69-B610-47C4-8441-2541291A6055}.Release|Any CPU.Build.0 = Release|Any CPU
	EndGlobalSection
	GlobalSection(SolutionProperties) = preSolution
		HideSolutionNode = FALSE
	EndGlobalSection
	GlobalSection(ExtensibilityGlobals) = postSolution
		SolutionGuid = {ADDD6CB8-BAF4-414D-91FA-4072F5969329}
	EndGlobalSection
EndGlobal
